
Microsoft Visual Studio Solution File, Format Version 12.00
# Visual Studio Version 16
VisualStudioVersion = 16.0.30413.136
MinimumVisualStudioVersion = 10.0.40219.1
Project("{FAE04EC0-301F-11D3-BF4B-00C04F79EFBC}") = "2020.10.20 munka", "2020.10.20 munka\2020.10.20 munka.csproj", "{75BCEF3B-D944-42E3-B016-24CD40549872}"
EndProject
Global
	GlobalSection(SolutionConfigurationPlatforms) = preSolution
		Debug|Any CPU = Debug|Any CPU
		Release|Any CPU = Release|Any CPU
	EndGlobalSection
	GlobalSection(ProjectConfigurationPlatforms) = postSolution
		{75BCEF3B-D944-42E3-B016-24CD40549872}.Debug|Any CPU.ActiveCfg = Debug|Any CPU
		{75BCEF3B-D944-42E3-B016-24CD40549872}.Debug|Any CPU.Build.0 = Debug|Any CPU
		{75BCEF3B-D944-42E3-B016-24CD40549872}.Release|Any CPU.ActiveCfg = Release|Any CPU
		{75BCEF3B-D944-42E3-B016-24CD40549872}.Release|Any CPU.Build.0 = Release|Any CPU
	EndGlobalSection
	GlobalSection(SolutionProperties) = preSolution
		HideSolutionNode = FALSE
	EndGlobalSection
	GlobalSection(ExtensibilityGlobals) = postSolution
		SolutionGuid = {72736F7C-BC16-4891-9AEC-A1594DADAAF6}
	EndGlobalSection
EndGlobal
